
Microsoft Visual Studio Solution File, Format Version 12.00
# Visual Studio 15
VisualStudioVersion = 15.0.27130.2024
MinimumVisualStudioVersion = 10.0.40219.1
Project("{FAE04EC0-301F-11D3-BF4B-00C04F79EFBC}") = "LocationNotificationsDemo.Android", "LocationNotificationsDemo\LocationNotificationsDemo.Android\LocationNotificationsDemo.Android.csproj", "{28528D47-759F-4E3A-8741-5B808A70FC58}"
EndProject
Project("{FAE04EC0-301F-11D3-BF4B-00C04F79EFBC}") = "LocationNotificationsDemo.iOS", "LocationNotificationsDemo\LocationNotificationsDemo.iOS\LocationNotificationsDemo.iOS.csproj", "{C73E78DD-E6C0-4BEC-9ADE-5BE8C75EDBE4}"
EndProject
Project("{FAE04EC0-301F-11D3-BF4B-00C04F79EFBC}") = "LocationNotificationsDemo", "LocationNotificationsDemo\LocationNotificationsDemo\LocationNotificationsDemo.csproj", "{524CD2DA-4109-435C-8587-33ADA59A90A0}"
EndProject
Global
	GlobalSection(SolutionConfigurationPlatforms) = preSolution
		Ad-Hoc|Any CPU = Ad-Hoc|Any CPU
		Ad-Hoc|iPhone = Ad-Hoc|iPhone
		Ad-Hoc|iPhoneSimulator = Ad-Hoc|iPhoneSimulator
		AppStore|Any CPU = AppStore|Any CPU
		AppStore|iPhone = AppStore|iPhone
		AppStore|iPhoneSimulator = AppStore|iPhoneSimulator
		Debug|Any CPU = Debug|Any CPU
		Debug|iPhone = Debug|iPhone
		Debug|iPhoneSimulator = Debug|iPhoneSimulator
		Release|Any CPU = Release|Any CPU
		Release|iPhone = Release|iPhone
		Release|iPhoneSimulator = Release|iPhoneSimulator
	EndGlobalSection
	GlobalSection(ProjectConfigurationPlatforms) = postSolution
		{28528D47-759F-4E3A-8741-5B808A70FC58}.Ad-Hoc|Any CPU.ActiveCfg = Release|Any CPU
		{28528D47-759F-4E3A-8741-5B808A70FC58}.Ad-Hoc|Any CPU.Build.0 = Release|Any CPU
		{28528D47-759F-4E3A-8741-5B808A70FC58}.Ad-Hoc|Any CPU.Deploy.0 = Release|Any CPU
		{28528D47-759F-4E3A-8741-5B808A70FC58}.Ad-Hoc|iPhone.ActiveCfg = Release|Any CPU
		{28528D47-759F-4E3A-8741-5B808A70FC58}.Ad-Hoc|iPhone.Build.0 = Release|Any CPU
		{28528D47-759F-4E3A-8741-5B808A70FC58}.Ad-Hoc|iPhone.Deploy.0 = Release|Any CPU
		{28528D47-759F-4E3A-8741-5B808A70FC58}.Ad-Hoc|iPhoneSimulator.ActiveCfg = Release|Any CPU
		{28528D47-759F-4E3A-8741-5B808A70FC58}.Ad-Hoc|iPhoneSimulator.Build.0 = Release|Any CPU
		{28528D47-759F-4E3A-8741-5B808A70FC58}.Ad-Hoc|iPhoneSimulator.Deploy.0 = Release|Any CPU
		{28528D47-759F-4E3A-8741-5B808A70FC58}.AppStore|Any CPU.ActiveCfg = Release|Any CPU
		{28528D47-759F-4E3A-8741-5B808A70FC58}.AppStore|Any CPU.Build.0 = Release|Any CPU
		{28528D47-759F-4E3A-8741-5B808A70FC58}.AppStore|Any CPU.Deploy.0 = Release|Any CPU
		{28528D47-759F-4E3A-8741-5B808A70FC58}.AppStore|iPhone.ActiveCfg = Release|Any CPU
		{28528D47-759F-4E3A-8741-5B808A70FC58}.AppStore|iPhone.Build.0 = Release|Any CPU
		{28528D47-759F-4E3A-8741-5B808A70FC58}.AppStore|iPhone.Deploy.0 = Release|Any CPU
		{28528D47-759F-4E3A-8741-5B808A70FC58}.AppStore|iPhoneSimulator.ActiveCfg = Release|Any CPU
		{28528D47-759F-4E3A-8741-5B808A70FC58}.AppStore|iPhoneSimulator.Build.0 = Release|Any CPU
		{28528D47-759F-4E3A-8741-5B808A70FC58}.AppStore|iPhoneSimulator.Deploy.0 = Release|Any CPU
		{28528D47-759F-4E3A-8741-5B808A70FC58}.Debug|Any CPU.ActiveCfg = Debug|Any CPU
		{28528D47-759F-4E3A-8741-5B808A70FC58}.Debug|Any CPU.Build.0 = Debug|Any CPU
		{28528D47-759F-4E3A-8741-5B808A70FC58}.Debug|Any CPU.Deploy.0 = Debug|Any CPU
		{28528D47-759F-4E3A-8741-5B808A70FC58}.Debug|iPhone.ActiveCfg = Debug|Any CPU
		{28528D47-759F-4E3A-8741-5B808A70FC58}.Debug|iPhone.Build.0 = Debug|Any CPU
		{28528D47-759F-4E3A-8741-5B808A70FC58}.Debug|iPhone.Deploy.0 = Debug|Any CPU
		{28528D47-759F-4E3A-8741-5B808A70FC58}.Debug|iPhoneSimulator.ActiveCfg = Debug|Any CPU
		{28528D47-759F-4E3A-8741-5B808A70FC58}.Debug|iPhoneSimulator.Build.0 = Debug|Any CPU
		{28528D47-759F-4E3A-8741-5B808A70FC58}.Debug|iPhoneSimulator.Deploy.0 = Debug|Any CPU
		{28528D47-759F-4E3A-8741-5B808A70FC58}.Release|Any CPU.ActiveCfg = Release|Any CPU
		{28528D47-759F-4E3A-8741-5B808A70FC58}.Release|Any CPU.Build.0 = Release|Any CPU
		{28528D47-759F-4E3A-8741-5B808A70FC58}.Release|Any CPU.Deploy.0 = Release|Any CPU
		{28528D47-759F-4E3A-8741-5B808A70FC58}.Release|iPhone.ActiveCfg = Release|Any CPU
		{28528D47-759F-4E3A-8741-5B808A70FC58}.Release|iPhone.Build.0 = Release|Any CPU
		{28528D47-759F-4E3A-8741-5B808A70FC58}.Release|iPhone.Deploy.0 = Release|Any CPU
		{28528D47-759F-4E3A-8741-5B808A70FC58}.Release|iPhoneSimulator.ActiveCfg = Release|Any CPU
		{28528D47-759F-4E3A-8741-5B808A70FC58}.Release|iPhoneSimulator.Build.0 = Release|Any CPU
		{28528D47-759F-4E3A-8741-5B808A70FC58}.Release|iPhoneSimulator.Deploy.0 = Release|Any CPU
		{C73E78DD-E6C0-4BEC-9ADE-5BE8C75EDBE4}.Ad-Hoc|Any CPU.ActiveCfg = Ad-Hoc|iPhone
		{C73E78DD-E6C0-4BEC-9ADE-5BE8C75EDBE4}.Ad-Hoc|iPhone.ActiveCfg = Ad-Hoc|iPhone
		{C73E78DD-E6C0-4BEC-9ADE-5BE8C75EDBE4}.Ad-Hoc|iPhone.Build.0 = Ad-Hoc|iPhone
		{C73E78DD-E6C0-4BEC-9ADE-5BE8C75EDBE4}.Ad-Hoc|iPhoneSimulator.ActiveCfg = Ad-Hoc|iPhoneSimulator
		{C73E78DD-E6C0-4BEC-9ADE-5BE8C75EDBE4}.Ad-Hoc|iPhoneSimulator.Build.0 = Ad-Hoc|iPhoneSimulator
		{C73E78DD-E6C0-4BEC-9ADE-5BE8C75EDBE4}.AppStore|Any CPU.ActiveCfg = AppStore|iPhone
		{C73E78DD-E6C0-4BEC-9ADE-5BE8C75EDBE4}.AppStore|iPhone.ActiveCfg = AppStore|iPhone
		{C73E78DD-E6C0-4BEC-9ADE-5BE8C75EDBE4}.AppStore|iPhone.Build.0 = AppStore|iPhone
		{C73E78DD-E6C0-4BEC-9ADE-5BE8C75EDBE4}.AppStore|iPhoneSimulator.ActiveCfg = AppStore|iPhoneSimulator
		{C73E78DD-E6C0-4BEC-9ADE-5BE8C75EDBE4}.AppStore|iPhoneSimulator.Build.0 = AppStore|iPhoneSimulator
		{C73E78DD-E6C0-4BEC-9ADE-5BE8C75EDBE4}.Debug|Any CPU.ActiveCfg = Debug|iPhone
		{C73E78DD-E6C0-4BEC-9ADE-5BE8C75EDBE4}.Debug|iPhone.ActiveCfg = Debug|iPhone
		{C73E78DD-E6C0-4BEC-9ADE-5BE8C75EDBE4}.Debug|iPhone.Build.0 = Debug|iPhone
		{C73E78DD-E6C0-4BEC-9ADE-5BE8C75EDBE4}.Debug|iPhoneSimulator.ActiveCfg = Debug|iPhoneSimulator
		{C73E78DD-E6C0-4BEC-9ADE-5BE8C75EDBE4}.Debug|iPhoneSimulator.Build.0 = Debug|iPhoneSimulator
		{C73E78DD-E6C0-4BEC-9ADE-5BE8C75EDBE4}.Release|Any CPU.ActiveCfg = Release|iPhone
		{C73E78DD-E6C0-4BEC-9ADE-5BE8C75EDBE4}.Release|iPhone.ActiveCfg = Release|iPhone
		{C73E78DD-E6C0-4BEC-9ADE-5BE8C75EDBE4}.Release|iPhone.Build.0 = Release|iPhone
		{C73E78DD-E6C0-4BEC-9ADE-5BE8C75EDBE4}.Release|iPhoneSimulator.ActiveCfg = Release|iPhoneSimulator
		{C73E78DD-E6C0-4BEC-9ADE-5BE8C75EDBE4}.Release|iPhoneSimulator.Build.0 = Release|iPhoneSimulator
		{524CD2DA-4109-435C-8587-33ADA59A90A0}.Ad-Hoc|Any CPU.ActiveCfg = Debug|Any CPU
		{524CD2DA-4109-435C-8587-33ADA59A90A0}.Ad-Hoc|Any CPU.Build.0 = Debug|Any CPU
		{524CD2DA-4109-435C-8587-33ADA59A90A0}.Ad-Hoc|iPhone.ActiveCfg = Debug|Any CPU
		{524CD2DA-4109-435C-8587-33ADA59A90A0}.Ad-Hoc|iPhone.Build.0 = Debug|Any CPU
		{524CD2DA-4109-435C-8587-33ADA59A90A0}.Ad-Hoc|iPhoneSimulator.ActiveCfg = Debug|Any CPU
		{524CD2DA-4109-435C-8587-33ADA59A90A0}.Ad-Hoc|iPhoneSimulator.Build.0 = Debug|Any CPU
		{524CD2DA-4109-435C-8587-33ADA59A90A0}.AppStore|Any CPU.ActiveCfg = Debug|Any CPU
		{524CD2DA-4109-435C-8587-33ADA59A90A0}.AppStore|Any CPU.Build.0 = Debug|Any CPU
		{524CD2DA-4109-435C-8587-33ADA59A90A0}.AppStore|iPhone.ActiveCfg = Debug|Any CPU
		{524CD2DA-4109-435C-8587-33ADA59A90A0}.AppStore|iPhone.Build.0 = Debug|Any CPU
		{524CD2DA-4109-435C-8587-33ADA59A90A0}.AppStore|iPhoneSimulator.ActiveCfg = Debug|Any CPU
		{524CD2DA-4109-435C-8587-33ADA59A90A0}.AppStore|iPhoneSimulator.Build.0 = Debug|Any CPU
		{524CD2DA-4109-435C-8587-33ADA59A90A0}.Debug|Any CPU.ActiveCfg = Debug|Any CPU
		{524CD2DA-4109-435C-8587-33ADA59A90A0}.Debug|Any CPU.Build.0 = Debug|Any CPU
		{524CD2DA-4109-435C-8587-33ADA59A90A0}.Debug|iPhone.ActiveCfg = Debug|Any CPU
		{524CD2DA-4109-435C-8587-33ADA59A90A0}.Debug|iPhone.Build.0 = Debug|Any CPU
		{524CD2DA-4109-435C-8587-33ADA59A90A0}.Debug|iPhoneSimulator.ActiveCfg = Debug|Any CPU
		{524CD2DA-4109-435C-8587-33ADA59A90A0}.Debug|iPhoneSimulator.Build.0 = Debug|Any CPU
		{524CD2DA-4109-435C-8587-33ADA59A90A0}.Release|Any CPU.ActiveCfg = Release|Any CPU
		{524CD2DA-4109-435C-8587-33ADA59A90A0}.Release|Any CPU.Build.0 = Release|Any CPU
		{524CD2DA-4109-435C-8587-33ADA59A90A0}.Release|iPhone.ActiveCfg = Release|Any CPU
		{524CD2DA-4109-435C-8587-33ADA59A90A0}.Release|iPhone.Build.0 = Release|Any CPU
		{524CD2DA-4109-435C-8587-33ADA59A90A0}.Release|iPhoneSimulator.ActiveCfg = Release|Any CPU
		{524CD2DA-4109-435C-8587-33ADA59A90A0}.Release|iPhoneSimulator.Build.0 = Release|Any CPU
	EndGlobalSection
	GlobalSection(SolutionProperties) = preSolution
		HideSolutionNode = FALSE
	EndGlobalSection
	GlobalSection(ExtensibilityGlobals) = postSolution
		SolutionGuid = {A234A2D3-9018-4105-8461-1302F4707323}
	EndGlobalSection
EndGlobal
